Microsoft Visual Studio Solution File, Format Version 11.00
# Visual Studio 2010
Project("{A11A6323-E440-9276-5581-EBF413F43BF6}") = "ShiftNStretchPlayer", "ShiftNStretchPlayer.vcxproj", "{ED2A38B1-0095-EDAA-4A73-0A8D59751306}"
EndProject
Global
	GlobalSection(SolutionConfigurationPlatforms) = preSolution
		Debug|Win32 = Debug|Win32
		Release|Win32 = Release|Win32
	EndGlobalSection
	GlobalSection(ProjectConfigurationPlatforms) = postSolution
		{ED2A38B1-0095-EDAA-4A73-0A8D59751306}.Debug|Win32.ActiveCfg = Debug|Win32
		{ED2A38B1-0095-EDAA-4A73-0A8D59751306}.Debug|Win32.Build.0 = Debug|Win32
		{ED2A38B1-0095-EDAA-4A73-0A8D59751306}.Release|Win32.ActiveCfg = Release|Win32
		{ED2A38B1-0095-EDAA-4A73-0A8D59751306}.Release|Win32.Build.0 = Release|Win32
	EndGlobalSection
	GlobalSection(SolutionProperties) = preSolution
		HideSolutionNode = FALSE
	EndGlobalSection
EndGlobal
