<?xml version="1.0" encoding="utf-8"?>
<Project ToolsVersion="4.0" xmlns="http://schemas.microsoft.com/developer/msbuild/2003">
  <ItemGroup>
    <Filter Include="Resource Files">
      <UniqueIdentifier>{67DA6AB6-F800-4c08-8B7A-83BB121AAD01}</UniqueIdentifier>
      <Extensions>rc;ico;cur;bmp;dlg;rc2;rct;bin;rgs;gif;jpg;jpeg;jpe;resx;tiff;tif;png;wav;mfcribbon-ms</Extensions>
    </Filter>
    <Filter Include="Header Files">
      <UniqueIdentifier>{4ed26b8e-ec12-4ec5-a4d5-1406344dbe43}</UniqueIdentifier>
    </Filter>
    <Filter Include="Source Files">
      <UniqueIdentifier>{21e7697a-4533-487f-af0a-bf9086794cd1}</UniqueIdentifier>
    </Filter>
    <Filter Include="Nodes">
      <UniqueIdentifier>{b57a278d-50bf-49e6-8dcc-4c4e66288c67}</UniqueIdentifier>
    </Filter>
    <Filter Include="Buffer">
      <UniqueIdentifier>{d1de82c4-96fb-4407-947a-0229602918b6}</UniqueIdentifier>
    </Filter>
    <Filter Include="Utils">
      <UniqueIdentifier>{93bdfaca-ed9a-4b73-a9b9-da83b3948059}</UniqueIdentifier>
    </Filter>
  </ItemGroup>
  <ItemGroup>
    <Text Include="ReadMe.txt" />
  </ItemGroup>
  <ItemGroup>
    <ClCompile Include="GlitterAudio.cpp">
      <Filter>Source Files</Filter>
    </ClCompile>
    <ClCompile Include="AudioDevice.cpp">
      <Filter>Source Files</Filter>
    </ClCompile>
    <ClCompile Include="AudioFacadeFactory.cpp">
      <Filter>Source Files</Filter>
    </ClCompile>
    <ClCompile Include="AudioLink.cpp">
      <Filter>Source Files</Filter>
    </ClCompile>
    <ClCompile Include="BaseAudioChain.cpp">
      <Filter>Source Files</Filter>
    </ClCompile>
    <ClCompile Include="NoiseAdder.cpp">
      <Filter>Nodes</Filter>
    </ClCompile>
    <ClCompile Include="SawOscillator.cpp">
      <Filter>Nodes</Filter>
    </ClCompile>
    <ClCompile Include="SinOscillator.cpp">
      <Filter>Nodes</Filter>
    </ClCompile>
    <ClCompile Include="CircularBuffer.cpp">
      <Filter>Buffer</Filter>
    </ClCompile>
    <ClCompile Include="AudioMultiBuffer.cpp">
      <Filter>Buffer</Filter>
    </ClCompile>
    <ClCompile Include="CircularMultiBuffer.cpp">
      <Filter>Buffer</Filter>
    </ClCompile>
    <ClCompile Include="Thread.cpp">
      <Filter>Utils</Filter>
    </ClCompile>
    <ClCompile Include="BaseAudioSink.cpp">
      <Filter>Source Files</Filter>
    </ClCompile>
    <ClCompile Include="BaseAudioNode.cpp">
      <Filter>Source Files</Filter>
    </ClCompile>
    <ClCompile Include="BaseAudioSource.cpp">
      <Filter>Source Files</Filter>
    </ClCompile>
    <ClCompile Include="WavReader.cpp">
      <Filter>Nodes</Filter>
    </ClCompile>
  </ItemGroup>
  <ItemGroup>
    <ClInclude Include="IAudioSource.h">
      <Filter>Header Files</Filter>
    </ClInclude>
    <ClInclude Include="IAudioSink.h">
      <Filter>Header Files</Filter>
    </ClInclude>
    <ClInclude Include="IAudioHardwareFacade.h">
      <Filter>Header Files</Filter>
    </ClInclude>
    <ClInclude Include="AudioDevice.h">
      <Filter>Header Files</Filter>
    </ClInclude>
    <ClInclude Include="GlitterAudio.h">
      <Filter>Header Files</Filter>
    </ClInclude>
    <ClInclude Include="GlitterAudioDefines.h">
      <Filter>Header Files</Filter>
    </ClInclude>
    <ClInclude Include="AudioFacadeFactory.h">
      <Filter>Header Files</Filter>
    </ClInclude>
    <ClInclude Include="AudioLink.h">
      <Filter>Header Files</Filter>
    </ClInclude>
    <ClInclude Include="IAudioPlayer.h">
      <Filter>Header Files</Filter>
    </ClInclude>
    <ClInclude Include="IAudioChain.h">
      <Filter>Header Files</Filter>
    </ClInclude>
    <ClInclude Include="BaseAudioChain.h">
      <Filter>Header Files</Filter>
    </ClInclude>
    <ClInclude Include="SinOscillator.h">
      <Filter>Nodes</Filter>
    </ClInclude>
    <ClInclude Include="NoiseAdder.h">
      <Filter>Nodes</Filter>
    </ClInclude>
    <ClInclude Include="SawOscillator.h">
      <Filter>Nodes</Filter>
    </ClInclude>
    <ClInclude Include="CircularBuffer.h">
      <Filter>Buffer</Filter>
    </ClInclude>
    <ClInclude Include="AudioMultiBuffer.h">
      <Filter>Buffer</Filter>
    </ClInclude>
    <ClInclude Include="CircularMultiBuffer.h">
      <Filter>Buffer</Filter>
    </ClInclude>
    <ClInclude Include="Thread.h">
      <Filter>Utils</Filter>
    </ClInclude>
    <ClInclude Include="Utils.h">
      <Filter>Utils</Filter>
    </ClInclude>
    <ClInclude Include="IRunnable.h">
      <Filter>Utils</Filter>
    </ClInclude>
    <ClInclude Include="BaseAudioSink.h">
      <Filter>Header Files</Filter>
    </ClInclude>
    <ClInclude Include="BaseAudioNode.h">
      <Filter>Header Files</Filter>
    </ClInclude>
    <ClInclude Include="BaseAudioSource.h">
      <Filter>Header Files</Filter>
    </ClInclude>
    <ClInclude Include="WavReader.h">
      <Filter>Nodes</Filter>
    </ClInclude>
  </ItemGroup>
</Project>