<?xml version="1.0" encoding="utf-8"?>
<Project ToolsVersion="4.0" xmlns="http://schemas.microsoft.com/developer/msbuild/2003">
  <ItemGroup>
    <Filter Include="Resource Files">
      <UniqueIdentifier>{67DA6AB6-F800-4c08-8B7A-83BB121AAD01}</UniqueIdentifier>
      <Extensions>rc;ico;cur;bmp;dlg;rc2;rct;bin;rgs;gif;jpg;jpeg;jpe;resx;tiff;tif;png;wav;mfcribbon-ms</Extensions>
    </Filter>
    <Filter Include="Header Files">
      <UniqueIdentifier>{4ed26b8e-ec12-4ec5-a4d5-1406344dbe43}</UniqueIdentifier>
    </Filter>
    <Filter Include="Source Files">
      <UniqueIdentifier>{21e7697a-4533-487f-af0a-bf9086794cd1}</UniqueIdentifier>
    </Filter>
  </ItemGroup>
  <ItemGroup>
    <Text Include="ReadMe.txt" />
  </ItemGroup>
  <ItemGroup>
    <ClCompile Include="SinOscillator.cpp">
      <Filter>Source Files</Filter>
    </ClCompile>
    <ClCompile Include="GlitterAudio.cpp">
      <Filter>Source Files</Filter>
    </ClCompile>
    <ClCompile Include="AudioDevice.cpp">
      <Filter>Source Files</Filter>
    </ClCompile>
    <ClCompile Include="AudioFacadeFactory.cpp">
      <Filter>Source Files</Filter>
    </ClCompile>
    <ClCompile Include="SawOscillator.cpp">
      <Filter>Source Files</Filter>
    </ClCompile>
    <ClCompile Include="Thread.cpp">
      <Filter>Source Files</Filter>
    </ClCompile>
    <ClCompile Include="CircularBuffer.cpp">
      <Filter>Source Files</Filter>
    </ClCompile>
    <ClCompile Include="WaveAudioSource.cpp">
      <Filter>Source Files</Filter>
    </ClCompile>
    <ClCompile Include="AudioLink.cpp">
      <Filter>Source Files</Filter>
    </ClCompile>
    <ClCompile Include="CircularMultiBuffer.cpp">
      <Filter>Source Files</Filter>
    </ClCompile>
    <ClCompile Include="BaseAudioSource.cpp">
      <Filter>Source Files</Filter>
    </ClCompile>
    <ClCompile Include="BaseAudioChain.cpp">
      <Filter>Source Files</Filter>
    </ClCompile>
    <ClCompile Include="MonoSplitter.cpp">
      <Filter>Source Files</Filter>
    </ClCompile>
    <ClCompile Include="NoiseGenerator.cpp">
      <Filter>Source Files</Filter>
    </ClCompile>
  </ItemGroup>
  <ItemGroup>
    <ClInclude Include="IAudioSource.h">
      <Filter>Header Files</Filter>
    </ClInclude>
    <ClInclude Include="SinOscillator.h">
      <Filter>Header Files</Filter>
    </ClInclude>
    <ClInclude Include="Utils.h">
      <Filter>Header Files</Filter>
    </ClInclude>
    <ClInclude Include="IAudioSink.h">
      <Filter>Header Files</Filter>
    </ClInclude>
    <ClInclude Include="IAudioHardwareFacade.h">
      <Filter>Header Files</Filter>
    </ClInclude>
    <ClInclude Include="AudioDevice.h">
      <Filter>Header Files</Filter>
    </ClInclude>
    <ClInclude Include="GlitterAudio.h">
      <Filter>Header Files</Filter>
    </ClInclude>
    <ClInclude Include="GlitterAudioDefines.h">
      <Filter>Header Files</Filter>
    </ClInclude>
    <ClInclude Include="AudioFacadeFactory.h">
      <Filter>Header Files</Filter>
    </ClInclude>
    <ClInclude Include="SawOscillator.h">
      <Filter>Header Files</Filter>
    </ClInclude>
    <ClInclude Include="IRunnable.h">
      <Filter>Header Files</Filter>
    </ClInclude>
    <ClInclude Include="Thread.h">
      <Filter>Header Files</Filter>
    </ClInclude>
    <ClInclude Include="CircularBuffer.h">
      <Filter>Header Files</Filter>
    </ClInclude>
    <ClInclude Include="WaveAudioSource.h">
      <Filter>Header Files</Filter>
    </ClInclude>
    <ClInclude Include="IAudioNode.h">
      <Filter>Header Files</Filter>
    </ClInclude>
    <ClInclude Include="AudioLink.h">
      <Filter>Header Files</Filter>
    </ClInclude>
    <ClInclude Include="CircularMultiBuffer.h">
      <Filter>Header Files</Filter>
    </ClInclude>
    <ClInclude Include="BaseAudioSource.h">
      <Filter>Header Files</Filter>
    </ClInclude>
    <ClInclude Include="IAudioPlayer.h">
      <Filter>Header Files</Filter>
    </ClInclude>
    <ClInclude Include="IAudioChain.h">
      <Filter>Header Files</Filter>
    </ClInclude>
    <ClInclude Include="IAudioGenerator.h">
      <Filter>Header Files</Filter>
    </ClInclude>
    <ClInclude Include="BaseAudioChain.h">
      <Filter>Header Files</Filter>
    </ClInclude>
    <ClInclude Include="MonoSplitter.h">
      <Filter>Header Files</Filter>
    </ClInclude>
    <ClInclude Include="NoiseGenerator.h">
      <Filter>Header Files</Filter>
    </ClInclude>
  </ItemGroup>
</Project>